
Microsoft Visual Studio Solution File, Format Version 12.00
# Visual Studio 2013
VisualStudioVersion = 12.0.40629.0
MinimumVisualStudioVersion = 10.0.40219.1
Project("{FAE04EC0-301F-11D3-BF4B-00C04F79EFBC}") = "BLL", "BLL\BLL.csproj", "{2E710400-1EEE-4BED-8FD0-BA974159C613}"
EndProject
Project("{FAE04EC0-301F-11D3-BF4B-00C04F79EFBC}") = "DAL", "DAL\DAL.csproj", "{4AC43019-0370-4328-9C58-CF7BA4B09D3C}"
EndProject
Project("{FAE04EC0-301F-11D3-BF4B-00C04F79EFBC}") = "Model", "Model\Model.csproj", "{56D2DB5C-FAA8-421A-A675-AD428C4394DE}"
EndProject
Project("{FAE04EC0-301F-11D3-BF4B-00C04F79EFBC}") = "Utility", "Utility\Utility.csproj", "{4794D14E-A946-411E-9EEE-E84FF1908D6C}"
EndProject
Project("{FAE04EC0-301F-11D3-BF4B-00C04F79EFBC}") = "ManageUI", "ManageUI\ManageUI.csproj", "{675E3818-7AC0-4F91-BA6B-2211243647DC}"
EndProject
Project("{E24C65DC-7377-472B-9ABA-BC803B73C61A}") = "TaoUI", "http://localhost:19543", "{45C4854E-5FBB-4A08-98F2-2DA86E737CEC}"
	ProjectSection(WebsiteProperties) = preProject
		UseIISExpress = "true"
		TargetFrameworkMoniker = ".NETFramework,Version%3Dv4.5"
		ProjectReferences = "{56d2db5c-faa8-421a-a675-ad428c4394de}|Model.dll;{2e710400-1eee-4bed-8fd0-ba974159c613}|BLL.dll;{4ac43019-0370-4328-9c58-cf7ba4b09d3c}|DAL.dll;{4794D14E-A946-411E-9EEE-E84FF1908D6C}|Utility.dll;"
		Debug.AspNetCompiler.VirtualPath = "/localhost_19543"
		Debug.AspNetCompiler.PhysicalPath = "TaoUI\"
		Debug.AspNetCompiler.TargetPath = "PrecompiledWeb\localhost_19543\"
		Debug.AspNetCompiler.Updateable = "true"
		Debug.AspNetCompiler.ForceOverwrite = "true"
		Debug.AspNetCompiler.FixedNames = "false"
		Debug.AspNetCompiler.Debug = "True"
		Release.AspNetCompiler.VirtualPath = "/localhost_19543"
		Release.AspNetCompiler.PhysicalPath = "TaoUI\"
		Release.AspNetCompiler.TargetPath = "PrecompiledWeb\localhost_19543\"
		Release.AspNetCompiler.Updateable = "true"
		Release.AspNetCompiler.ForceOverwrite = "true"
		Release.AspNetCompiler.FixedNames = "false"
		Release.AspNetCompiler.Debug = "False"
		SlnRelativePath = "TaoUI\"
		DefaultWebSiteLanguage = "Visual C#"
	EndProjectSection
EndProject
Global
	GlobalSection(SolutionConfigurationPlatforms) = preSolution
		Debug|Any CPU = Debug|Any CPU
		Release|Any CPU = Release|Any CPU
	EndGlobalSection
	GlobalSection(ProjectConfigurationPlatforms) = postSolution
		{2E710400-1EEE-4BED-8FD0-BA974159C613}.Debug|Any CPU.ActiveCfg = Debug|Any CPU
		{2E710400-1EEE-4BED-8FD0-BA974159C613}.Debug|Any CPU.Build.0 = Debug|Any CPU
		{2E710400-1EEE-4BED-8FD0-BA974159C613}.Release|Any CPU.ActiveCfg = Release|Any CPU
		{2E710400-1EEE-4BED-8FD0-BA974159C613}.Release|Any CPU.Build.0 = Release|Any CPU
		{4AC43019-0370-4328-9C58-CF7BA4B09D3C}.Debug|Any CPU.ActiveCfg = Debug|Any CPU
		{4AC43019-0370-4328-9C58-CF7BA4B09D3C}.Debug|Any CPU.Build.0 = Debug|Any CPU
		{4AC43019-0370-4328-9C58-CF7BA4B09D3C}.Release|Any CPU.ActiveCfg = Release|Any CPU
		{4AC43019-0370-4328-9C58-CF7BA4B09D3C}.Release|Any CPU.Build.0 = Release|Any CPU
		{56D2DB5C-FAA8-421A-A675-AD428C4394DE}.Debug|Any CPU.ActiveCfg = Debug|Any CPU
		{56D2DB5C-FAA8-421A-A675-AD428C4394DE}.Debug|Any CPU.Build.0 = Debug|Any CPU
		{56D2DB5C-FAA8-421A-A675-AD428C4394DE}.Release|Any CPU.ActiveCfg = Release|Any CPU
		{56D2DB5C-FAA8-421A-A675-AD428C4394DE}.Release|Any CPU.Build.0 = Release|Any CPU
		{4794D14E-A946-411E-9EEE-E84FF1908D6C}.Debug|Any CPU.ActiveCfg = Debug|Any CPU
		{4794D14E-A946-411E-9EEE-E84FF1908D6C}.Debug|Any CPU.Build.0 = Debug|Any CPU
		{4794D14E-A946-411E-9EEE-E84FF1908D6C}.Release|Any CPU.ActiveCfg = Release|Any CPU
		{4794D14E-A946-411E-9EEE-E84FF1908D6C}.Release|Any CPU.Build.0 = Release|Any CPU
		{675E3818-7AC0-4F91-BA6B-2211243647DC}.Debug|Any CPU.ActiveCfg = Debug|Any CPU
		{675E3818-7AC0-4F91-BA6B-2211243647DC}.Debug|Any CPU.Build.0 = Debug|Any CPU
		{675E3818-7AC0-4F91-BA6B-2211243647DC}.Release|Any CPU.ActiveCfg = Release|Any CPU
		{675E3818-7AC0-4F91-BA6B-2211243647DC}.Release|Any CPU.Build.0 = Release|Any CPU
		{45C4854E-5FBB-4A08-98F2-2DA86E737CEC}.Debug|Any CPU.ActiveCfg = Debug|Any CPU
		{45C4854E-5FBB-4A08-98F2-2DA86E737CEC}.Debug|Any CPU.Build.0 = Debug|Any CPU
		{45C4854E-5FBB-4A08-98F2-2DA86E737CEC}.Release|Any CPU.ActiveCfg = Debug|Any CPU
		{45C4854E-5FBB-4A08-98F2-2DA86E737CEC}.Release|Any CPU.Build.0 = Debug|Any CPU
	EndGlobalSection
	GlobalSection(SolutionProperties) = preSolution
		HideSolutionNode = FALSE
	EndGlobalSection
EndGlobal
