
Microsoft Visual Studio Solution File, Format Version 12.00
# Visual Studio 2013
VisualStudioVersion = 12.0.40629.0
MinimumVisualStudioVersion = 10.0.40219.1
Project("{FAE04EC0-301F-11D3-BF4B-00C04F79EFBC}") = "TaoPiaoPiao", "TaoPiaoPiao\TaoPiaoPiao.csproj", "{10C685D3-46AC-433C-A284-05CC8F13EC5B}"
EndProject
Project("{FAE04EC0-301F-11D3-BF4B-00C04F79EFBC}") = "TaoPiaoPiao.Tests", "TaoPiaoPiao.Tests\TaoPiaoPiao.Tests.csproj", "{1F1CB752-956E-41DE-8E2B-B068CA109C69}"
EndProject
Project("{FAE04EC0-301F-11D3-BF4B-00C04F79EFBC}") = "BLL", "BLL\BLL.csproj", "{2E710400-1EEE-4BED-8FD0-BA974159C613}"
EndProject
Global
	GlobalSection(SolutionConfigurationPlatforms) = preSolution
		Debug|Any CPU = Debug|Any CPU
		Release|Any CPU = Release|Any CPU
	EndGlobalSection
	GlobalSection(ProjectConfigurationPlatforms) = postSolution
		{10C685D3-46AC-433C-A284-05CC8F13EC5B}.Debug|Any CPU.ActiveCfg = Debug|Any CPU
		{10C685D3-46AC-433C-A284-05CC8F13EC5B}.Debug|Any CPU.Build.0 = Debug|Any CPU
		{10C685D3-46AC-433C-A284-05CC8F13EC5B}.Release|Any CPU.ActiveCfg = Release|Any CPU
		{10C685D3-46AC-433C-A284-05CC8F13EC5B}.Release|Any CPU.Build.0 = Release|Any CPU
		{1F1CB752-956E-41DE-8E2B-B068CA109C69}.Debug|Any CPU.ActiveCfg = Debug|Any CPU
		{1F1CB752-956E-41DE-8E2B-B068CA109C69}.Debug|Any CPU.Build.0 = Debug|Any CPU
		{1F1CB752-956E-41DE-8E2B-B068CA109C69}.Release|Any CPU.ActiveCfg = Release|Any CPU
		{1F1CB752-956E-41DE-8E2B-B068CA109C69}.Release|Any CPU.Build.0 = Release|Any CPU
		{2E710400-1EEE-4BED-8FD0-BA974159C613}.Debug|Any CPU.ActiveCfg = Debug|Any CPU
		{2E710400-1EEE-4BED-8FD0-BA974159C613}.Debug|Any CPU.Build.0 = Debug|Any CPU
		{2E710400-1EEE-4BED-8FD0-BA974159C613}.Release|Any CPU.ActiveCfg = Release|Any CPU
		{2E710400-1EEE-4BED-8FD0-BA974159C613}.Release|Any CPU.Build.0 = Release|Any CPU
	EndGlobalSection
	GlobalSection(SolutionProperties) = preSolution
		HideSolutionNode = FALSE
	EndGlobalSection
EndGlobal
